// !$*UTF8*$!
{
	archiveVersion = 1;
	classes = {
	};
	objectVersion = 46;
	objects = {

/* Begin PBXBuildFile section */
		056E1E8E1E3FD714004F0EE8 /* PokeCell.swift in Sources */ = {isa = PBXBuildFile; fileRef = 056E1E8D1E3FD714004F0EE8 /* PokeCell.swift */; };
		056E1E901E3FF88F004F0EE8 /* csv.swift in Sources */ = {isa = PBXBuildFile; fileRef = 056E1E8F1E3FF88F004F0EE8 /* csv.swift */; };
		056E1E921E400125004F0EE8 /* pokemon.ttf in Resources */ = {isa = PBXBuildFile; fileRef = 056E1E911E400125004F0EE8 /* pokemon.ttf */; };
		056E1E971E400C0D004F0EE8 /* music.mp3 in Resources */ = {isa = PBXBuildFile; fileRef = 056E1E961E400C0D004F0EE8 /* music.mp3 */; };
		058DD28C1E3FC92600B8B783 /* AppDelegate.swift in Sources */ = {isa = PBXBuildFile; fileRef = 058DD28B1E3FC92600B8B783 /* AppDelegate.swift */; };
		058DD28E1E3FC92600B8B783 /* ViewController.swift in Sources */ = {isa = PBXBuildFile; fileRef = 058DD28D1E3FC92600B8B783 /* ViewController.swift */; };
		058DD2911E3FC92600B8B783 /* Main.storyboard in Resources */ = {isa = PBXBuildFile; fileRef = 058DD28F1E3FC92600B8B783 /* Main.storyboard */; };
		058DD2931E3FC92600B8B783 /* Assets.xcassets in Resources */ = {isa = PBXBuildFile; fileRef = 058DD2921E3FC92600B8B783 /* Assets.xcassets */; };
		058DD2961E3FC92600B8B783 /* LaunchScreen.storyboard in Resources */ = {isa = PBXBuildFile; fileRef = 058DD2941E3FC92600B8B783 /* LaunchScreen.storyboard */; };
		058DD29E1E3FCE1C00B8B783 /* pokemon.csv in Resources */ = {isa = PBXBuildFile; fileRef = 058DD29D1E3FCE1C00B8B783 /* pokemon.csv */; };
		058DD2A11E3FCF1100B8B783 /* Pokemon.swift in Sources */ = {isa = PBXBuildFile; fileRef = 058DD2A01E3FCF1100B8B783 /* Pokemon.swift */; };
		9BE6C5375C85C82DC4F5D5B7 /* Pods_Pokedex.framework in Frameworks */ = {isa = PBXBuildFile; fileRef = DF03684A2AC7AD9B8C462D8E /* Pods_Pokedex.framework */; };
/* End PBXBuildFile section */

/* Begin PBXFileReference section */
		056E1E8D1E3FD714004F0EE8 /* PokeCell.swift */ = {isa = PBXFileReference; fileEncoding = 4; lastKnownFileType = sourcecode.swift; path = PokeCell.swift; sourceTree = "<group>"; };
		056E1E8F1E3FF88F004F0EE8 /* csv.swift */ = {isa = PBXFileReference; fileEncoding = 4; lastKnownFileType = sourcecode.swift; path = csv.swift; sourceTree = "<group>"; };
		056E1E911E400125004F0EE8 /* pokemon.ttf */ = {isa = PBXFileReference; lastKnownFileType = file; path = pokemon.ttf; sourceTree = "<group>"; };
		056E1E961E400C0D004F0EE8 /* music.mp3 */ = {isa = PBXFileReference; lastKnownFileType = audio.mp3; path = music.mp3; sourceTree = "<group>"; };
		058DD2881E3FC92600B8B783 /* Pokedex.app */ = {isa = PBXFileReference; explicitFileType = wrapper.application; includeInIndex = 0; path = Pokedex.app; sourceTree = BUILT_PRODUCTS_DIR; };
		058DD28B1E3FC92600B8B783 /* AppDelegate.swift */ = {isa = PBXFileReference; lastKnownFileType = sourcecode.swift; path = AppDelegate.swift; sourceTree = "<group>"; };
		058DD28D1E3FC92600B8B783 /* ViewController.swift */ = {isa = PBXFileReference; lastKnownFileType = sourcecode.swift; path = ViewController.swift; sourceTree = "<group>"; };
		058DD2901E3FC92600B8B783 /* Base */ = {isa = PBXFileReference; lastKnownFileType = file.storyboard; name = Base; path = Base.lproj/Main.storyboard; sourceTree = "<group>"; };
		058DD2921E3FC92600B8B783 /* Assets.xcassets */ = {isa = PBXFileReference; lastKnownFileType = folder.assetcatalog; path = Assets.xcassets; sourceTree = "<group>"; };
		058DD2951E3FC92600B8B783 /* Base */ = {isa = PBXFileReference; lastKnownFileType = file.storyboard; name = Base; path = Base.lproj/LaunchScreen.storyboard; sourceTree = "<group>"; };
		058DD2971E3FC92600B8B783 /* Info.plist */ = {isa = PBXFileReference; lastKnownFileType = text.plist.xml; path = Info.plist; sourceTree = "<group>"; };
		058DD29D1E3FCE1C00B8B783 /* pokemon.csv */ = {isa = PBXFileReference; fileEncoding = 4; lastKnownFileType = text; path = pokemon.csv; sourceTree = "<group>"; };
		058DD2A01E3FCF1100B8B783 /* Pokemon.swift */ = {isa = PBXFileReference; fileEncoding = 4; lastKnownFileType = sourcecode.swift; path = Pokemon.swift; sourceTree = "<group>"; };
		228F83E23557F36558476CFB /* Pods-Pokedex.release.xcconfig */ = {isa = PBXFileReference; includeInIndex = 1; lastKnownFileType = text.xcconfig; name = "Pods-Pokedex.release.xcconfig"; path = "Pods/Target Support Files/Pods-Pokedex/Pods-Pokedex.release.xcconfig"; sourceTree = "<group>"; };
		8209FC65DA18393A249275DD /* Pods-Pokedex.debug.xcconfig */ = {isa = PBXFileReference; includeInIndex = 1; lastKnownFileType = text.xcconfig; name = "Pods-Pokedex.debug.xcconfig"; path = "Pods/Target Support Files/Pods-Pokedex/Pods-Pokedex.debug.xcconfig"; sourceTree = "<group>"; };
		DF03684A2AC7AD9B8C462D8E /* Pods_Pokedex.framework */ = {isa = PBXFileReference; explicitFileType = wrapper.framework; includeInIndex = 0; path = Pods_Pokedex.framework; sourceTree = BUILT_PRODUCTS_DIR; };
/* End PBXFileReference section */

/* Begin PBXFrameworksBuildPhase section */
		058DD2851E3FC92600B8B783 /* Frameworks */ = {
			isa = PBXFrameworksBuildPhase;
			buildActionMask = 2147483647;
			files = (
				9BE6C5375C85C82DC4F5D5B7 /* Pods_Pokedex.framework in Frameworks */,
			);
			runOnlyForDeploymentPostprocessing = 0;
		};
/* End PBXFrameworksBuildPhase section */

/* Begin PBXGroup section */
		056E1E8C1E3FD6E8004F0EE8 /* View */ = {
			isa = PBXGroup;
			children = (
				056E1E8D1E3FD714004F0EE8 /* PokeCell.swift */,
			);
			name = View;
			sourceTree = "<group>";
		};
		056E1E931E400144004F0EE8 /* Controller */ = {
			isa = PBXGroup;
			children = (
				058DD28D1E3FC92600B8B783 /* ViewController.swift */,
			);
			name = Controller;
			sourceTree = "<group>";
		};
		056E1E941E400171004F0EE8 /* Resources */ = {
			isa = PBXGroup;
			children = (
				056E1E961E400C0D004F0EE8 /* music.mp3 */,
				058DD29D1E3FCE1C00B8B783 /* pokemon.csv */,
				056E1E911E400125004F0EE8 /* pokemon.ttf */,
			);
			name = Resources;
			sourceTree = "<group>";
		};
		056E1E951E400190004F0EE8 /* Util */ = {
			isa = PBXGroup;
			children = (
				056E1E8F1E3FF88F004F0EE8 /* csv.swift */,
			);
			name = Util;
			sourceTree = "<group>";
		};
		058DD27F1E3FC92600B8B783 = {
			isa = PBXGroup;
			children = (
				058DD28A1E3FC92600B8B783 /* Pokedex */,
				058DD2891E3FC92600B8B783 /* Products */,
				123D1C01F5603BBAAEBBCA35 /* Pods */,
				AF01229D5EB946B9797CBCDC /* Frameworks */,
			);
			sourceTree = "<group>";
		};
		058DD2891E3FC92600B8B783 /* Products */ = {
			isa = PBXGroup;
			children = (
				058DD2881E3FC92600B8B783 /* Pokedex.app */,
			);
			name = Products;
			sourceTree = "<group>";
		};
		058DD28A1E3FC92600B8B783 /* Pokedex */ = {
			isa = PBXGroup;
			children = (
				056E1E951E400190004F0EE8 /* Util */,
				056E1E941E400171004F0EE8 /* Resources */,
				058DD29F1E3FCF0400B8B783 /* Model */,
				056E1E8C1E3FD6E8004F0EE8 /* View */,
				056E1E931E400144004F0EE8 /* Controller */,
				058DD28B1E3FC92600B8B783 /* AppDelegate.swift */,
				058DD28F1E3FC92600B8B783 /* Main.storyboard */,
				058DD2921E3FC92600B8B783 /* Assets.xcassets */,
				058DD2941E3FC92600B8B783 /* LaunchScreen.storyboard */,
				058DD2971E3FC92600B8B783 /* Info.plist */,
			);
			path = Pokedex;
			sourceTree = "<group>";
		};
		058DD29F1E3FCF0400B8B783 /* Model */ = {
			isa = PBXGroup;
			children = (
				058DD2A01E3FCF1100B8B783 /* Pokemon.swift */,
			);
			name = Model;
			sourceTree = "<group>";
		};
		123D1C01F5603BBAAEBBCA35 /* Pods */ = {
			isa = PBXGroup;
			children = (
				8209FC65DA18393A249275DD /* Pods-Pokedex.debug.xcconfig */,
				228F83E23557F36558476CFB /* Pods-Pokedex.release.xcconfig */,
			);
			name = Pods;
			sourceTree = "<group>";
		};
		AF01229D5EB946B9797CBCDC /* Frameworks */ = {
			isa = PBXGroup;
			children = (
				DF03684A2AC7AD9B8C462D8E /* Pods_Pokedex.framework */,
			);
			name = Frameworks;
			sourceTree = "<group>";
		};
/* End PBXGroup section */

/* Begin PBXNativeTarget section */
		058DD2871E3FC92600B8B783 /* Pokedex */ = {
			isa = PBXNativeTarget;
			buildConfigurationList = 058DD29A1E3FC92600B8B783 /* Build configuration list for PBXNativeTarget "Pokedex" */;
			buildPhases = (
				8AF2D1150FE908BB6F91EFDF /* [CP] Check Pods Manifest.lock */,
				058DD2841E3FC92600B8B783 /* Sources */,
				058DD2851E3FC92600B8B783 /* Frameworks */,
				058DD2861E3FC92600B8B783 /* Resources */,
				F223B16DEFC71C608A7583F3 /* [CP] Embed Pods Frameworks */,
				3DF7583B737897D94176B86A /* [CP] Copy Pods Resources */,
			);
			buildRules = (
			);
			dependencies = (
			);
			name = Pokedex;
			productName = Pokedex;
			productReference = 058DD2881E3FC92600B8B783 /* Pokedex.app */;
			productType = "com.apple.product-type.application";
		};
/* End PBXNativeTarget section */

/* Begin PBXProject section */
		058DD2801E3FC92600B8B783 /* Project object */ = {
			isa = PBXProject;
			attributes = {
				LastSwiftUpdateCheck = 0820;
				LastUpgradeCheck = 0820;
				ORGANIZATIONNAME = "Alexander Silkin";
				TargetAttributes = {
					058DD2871E3FC92600B8B783 = {
						CreatedOnToolsVersion = 8.2.1;
						DevelopmentTeam = 2ZK2WQ478V;
						LastSwiftMigration = 0820;
						ProvisioningStyle = Automatic;
					};
				};
			};
			buildConfigurationList = 058DD2831E3FC92600B8B783 /* Build configuration list for PBXProject "Pokedex" */;
			compatibilityVersion = "Xcode 3.2";
			developmentRegion = English;
			hasScannedForEncodings = 0;
			knownRegions = (
				en,
				Base,
			);
			mainGroup = 058DD27F1E3FC92600B8B783;
			productRefGroup = 058DD2891E3FC92600B8B783 /* Products */;
			projectDirPath = "";
			projectRoot = "";
			targets = (
				058DD2871E3FC92600B8B783 /* Pokedex */,
			);
		};
/* End PBXProject section */

/* Begin PBXResourcesBuildPhase section */
		058DD2861E3FC92600B8B783 /* Resources */ = {
			isa = PBXResourcesBuildPhase;
			buildActionMask = 2147483647;
			files = (
				056E1E921E400125004F0EE8 /* pokemon.ttf in Resources */,
				058DD2961E3FC92600B8B783 /* LaunchScreen.storyboard in Resources */,
				056E1E971E400C0D004F0EE8 /* music.mp3 in Resources */,
				058DD2931E3FC92600B8B783 /* Assets.xcassets in Resources */,
				058DD29E1E3FCE1C00B8B783 /* pokemon.csv in Resources */,
				058DD2911E3FC92600B8B783 /* Main.storyboard in Resources */,
			);
			runOnlyForDeploymentPostprocessing = 0;
		};
/* End PBXResourcesBuildPhase section */

/* Begin PBXShellScriptBuildPhase section */
		3DF7583B737897D94176B86A /* [CP] Copy Pods Resources */ = {
			isa = PBXShellScriptBuildPhase;
			buildActionMask = 2147483647;
			files = (
			);
			inputPaths = (
			);
			name = "[CP] Copy Pods Resources";
			outputPaths = (
			);
			runOnlyForDeploymentPostprocessing = 0;
			shellPath = /bin/sh;
			shellScript = "\"${SRCROOT}/Pods/Target Support Files/Pods-Pokedex/Pods-Pokedex-resources.sh\"\n";
			showEnvVarsInLog = 0;
		};
		8AF2D1150FE908BB6F91EFDF /* [CP] Check Pods Manifest.lock */ = {
			isa = PBXShellScriptBuildPhase;
			buildActionMask = 2147483647;
			files = (
			);
			inputPaths = (
			);
			name = "[CP] Check Pods Manifest.lock";
			outputPaths = (
			);
			runOnlyForDeploymentPostprocessing = 0;
			shellPath = /bin/sh;
			shellScript = "diff \"${PODS_ROOT}/../Podfile.lock\" \"${PODS_ROOT}/Manifest.lock\" > /dev/null\nif [ $? != 0 ] ; then\n    # print error to STDERR\n    echo \"error: The sandbox is not in sync with the Podfile.lock. Run 'pod install' or update your CocoaPods installation.\" >&2\n    exit 1\nfi\n";
			showEnvVarsInLog = 0;
		};
		F223B16DEFC71C608A7583F3 /* [CP] Embed Pods Frameworks */ = {
			isa = PBXShellScriptBuildPhase;
			buildActionMask = 2147483647;
			files = (
			);
			inputPaths = (
			);
			name = "[CP] Embed Pods Frameworks";
			outputPaths = (
			);
			runOnlyForDeploymentPostprocessing = 0;
			shellPath = /bin/sh;
			shellScript = "\"${SRCROOT}/Pods/Target Support Files/Pods-Pokedex/Pods-Pokedex-frameworks.sh\"\n";
			showEnvVarsInLog = 0;
		};
/* End PBXShellScriptBuildPhase section */

/* Begin PBXSourcesBuildPhase section */
		058DD2841E3FC92600B8B783 /* Sources */ = {
			isa = PBXSourcesBuildPhase;
			buildActionMask = 2147483647;
			files = (
				056E1E8E1E3FD714004F0EE8 /* PokeCell.swift in Sources */,
				058DD28E1E3FC92600B8B783 /* ViewController.swift in Sources */,
				058DD28C1E3FC92600B8B783 /* AppDelegate.swift in Sources */,
				058DD2A11E3FCF1100B8B783 /* Pokemon.swift in Sources */,
				056E1E901E3FF88F004F0EE8 /* csv.swift in Sources */,
			);
			runOnlyForDeploymentPostprocessing = 0;
		};
/* End PBXSourcesBuildPhase section */

/* Begin PBXVariantGroup section */
		058DD28F1E3FC92600B8B783 /* Main.storyboard */ = {
			isa = PBXVariantGroup;
			children = (
				058DD2901E3FC92600B8B783 /* Base */,
			);
			name = Main.storyboard;
			sourceTree = "<group>";
		};
		058DD2941E3FC92600B8B783 /* LaunchScreen.storyboard */ = {
			isa = PBXVariantGroup;
			children = (
				058DD2951E3FC92600B8B783 /* Base */,
			);
			name = LaunchScreen.storyboard;
			sourceTree = "<group>";
		};
/* End PBXVariantGroup section */

/* Begin XCBuildConfiguration section */
		058DD2981E3FC92600B8B783 /* Debug */ = {
			isa = XCBuildConfiguration;
			buildSettings = {
				ALWAYS_SEARCH_USER_PATHS = NO;
				CLANG_ANALYZER_NONNULL = YES;
				CLANG_CXX_LANGUAGE_STANDARD = "gnu++0x";
				CLANG_CXX_LIBRARY = "libc++";
				CLANG_ENABLE_MODULES = YES;
				CLANG_ENABLE_OBJC_ARC = YES;
				CLANG_WARN_BOOL_CONVERSION = YES;
				CLANG_WARN_CONSTANT_CONVERSION = YES;
				CLANG_WARN_DIRECT_OBJC_ISA_USAGE = YES_ERROR;
				CLANG_WARN_DOCUMENTATION_COMMENTS = YES;
				CLANG_WARN_EMPTY_BODY = YES;
				CLANG_WARN_ENUM_CONVERSION = YES;
				CLANG_WARN_INFINITE_RECURSION = YES;
				CLANG_WARN_INT_CONVERSION = YES;
				CLANG_WARN_OBJC_ROOT_CLASS = YES_ERROR;
				CLANG_WARN_SUSPICIOUS_MOVE = YES;
				CLANG_WARN_UNREACHABLE_CODE = YES;
				CLANG_WARN__DUPLICATE_METHOD_MATCH = YES;
				"CODE_SIGN_IDENTITY[sdk=iphoneos*]" = "iPhone Developer";
				COPY_PHASE_STRIP = NO;
				DEBUG_INFORMATION_FORMAT = dwarf;
				ENABLE_STRICT_OBJC_MSGSEND = YES;
				ENABLE_TESTABILITY = YES;
				GCC_C_LANGUAGE_STANDARD = gnu99;
				GCC_DYNAMIC_NO_PIC = NO;
				GCC_NO_COMMON_BLOCKS = YES;
				GCC_OPTIMIZATION_LEVEL = 0;
				GCC_PREPROCESSOR_DEFINITIONS = (
					"DEBUG=1",
					"$(inherited)",
				);
				GCC_WARN_64_TO_32_BIT_CONVERSION = YES;
				GCC_WARN_ABOUT_RETURN_TYPE = YES_ERROR;
				GCC_WARN_UNDECLARED_SELECTOR = YES;
				GCC_WARN_UNINITIALIZED_AUTOS = YES_AGGRESSIVE;
				GCC_WARN_UNUSED_FUNCTION = YES;
				GCC_WARN_UNUSED_VARIABLE = YES;
				IPHONEOS_DEPLOYMENT_TARGET = 10.2;
				MTL_ENABLE_DEBUG_INFO = YES;
				ONLY_ACTIVE_ARCH = YES;
				SDKROOT = iphoneos;
				SWIFT_ACTIVE_COMPILATION_CONDITIONS = DEBUG;
				SWIFT_OPTIMIZATION_LEVEL = "-Onone";
				TARGETED_DEVICE_FAMILY = "1,2";
			};
			name = Debug;
		};
		058DD2991E3FC92600B8B783 /* Release */ = {
			isa = XCBuildConfiguration;
			buildSettings = {
				ALWAYS_SEARCH_USER_PATHS = NO;
				CLANG_ANALYZER_NONNULL = YES;
				CLANG_CXX_LANGUAGE_STANDARD = "gnu++0x";
				CLANG_CXX_LIBRARY = "libc++";
				CLANG_ENABLE_MODULES = YES;
				CLANG_ENABLE_OBJC_ARC = YES;
				CLANG_WARN_BOOL_CONVERSION = YES;
				CLANG_WARN_CONSTANT_CONVERSION = YES;
				CLANG_WARN_DIRECT_OBJC_ISA_USAGE = YES_ERROR;
				CLANG_WARN_DOCUMENTATION_COMMENTS = YES;
				CLANG_WARN_EMPTY_BODY = YES;
				CLANG_WARN_ENUM_CONVERSION = YES;
				CLANG_WARN_INFINITE_RECURSION = YES;
				CLANG_WARN_INT_CONVERSION = YES;
				CLANG_WARN_OBJC_ROOT_CLASS = YES_ERROR;
				CLANG_WARN_SUSPICIOUS_MOVE = YES;
				CLANG_WARN_UNREACHABLE_CODE = YES;
				CLANG_WARN__DUPLICATE_METHOD_MATCH = YES;
				"CODE_SIGN_IDENTITY[sdk=iphoneos*]" = "iPhone Developer";
				COPY_PHASE_STRIP = NO;
				DEBUG_INFORMATION_FORMAT = "dwarf-with-dsym";
				ENABLE_NS_ASSERTIONS = NO;
				ENABLE_STRICT_OBJC_MSGSEND = YES;
				GCC_C_LANGUAGE_STANDARD = gnu99;
				GCC_NO_COMMON_BLOCKS = YES;
				GCC_WARN_64_TO_32_BIT_CONVERSION = YES;
				GCC_WARN_ABOUT_RETURN_TYPE = YES_ERROR;
				GCC_WARN_UNDECLARED_SELECTOR = YES;
				GCC_WARN_UNINITIALIZED_AUTOS = YES_AGGRESSIVE;
				GCC_WARN_UNUSED_FUNCTION = YES;
				GCC_WARN_UNUSED_VARIABLE = YES;
				IPHONEOS_DEPLOYMENT_TARGET = 10.2;
				MTL_ENABLE_DEBUG_INFO = NO;
				SDKROOT = iphoneos;
				SWIFT_OPTIMIZATION_LEVEL = "-Owholemodule";
				TARGETED_DEVICE_FAMILY = "1,2";
				VALIDATE_PRODUCT = YES;
			};
			name = Release;
		};
		058DD29B1E3FC92600B8B783 /* Debug */ = {
			isa = XCBuildConfiguration;
			baseConfigurationReference = 8209FC65DA18393A249275DD /* Pods-Pokedex.debug.xcconfig */;
			buildSettings = {
				ASSETCATALOG_COMPILER_APPICON_NAME = AppIcon;
				DEVELOPMENT_TEAM = 2ZK2WQ478V;
				INFOPLIST_FILE = Pokedex/Info.plist;
				LD_RUNPATH_SEARCH_PATHS = "$(inherited) @executable_path/Frameworks";
				PRODUCT_BUNDLE_IDENTIFIER = com.alexsilkin.Pokedex;
				PRODUCT_NAME = "$(TARGET_NAME)";
				SWIFT_VERSION = 3.0;
			};
			name = Debug;
		};
		058DD29C1E3FC92600B8B783 /* Release */ = {
			isa = XCBuildConfiguration;
			baseConfigurationReference = 228F83E23557F36558476CFB /* Pods-Pokedex.release.xcconfig */;
			buildSettings = {
				ASSETCATALOG_COMPILER_APPICON_NAME = AppIcon;
				DEVELOPMENT_TEAM = 2ZK2WQ478V;
				INFOPLIST_FILE = Pokedex/Info.plist;
				LD_RUNPATH_SEARCH_PATHS = "$(inherited) @executable_path/Frameworks";
				PRODUCT_BUNDLE_IDENTIFIER = com.alexsilkin.Pokedex;
				PRODUCT_NAME = "$(TARGET_NAME)";
				SWIFT_VERSION = 3.0;
			};
			name = Release;
		};
/* End XCBuildConfiguration section */

/* Begin XCConfigurationList section */
		058DD2831E3FC92600B8B783 /* Build configuration list for PBXProject "Pokedex" */ = {
			isa = XCConfigurationList;
			buildConfigurations = (
				058DD2981E3FC92600B8B783 /* Debug */,
				058DD2991E3FC92600B8B783 /* Release */,
			);
			defaultConfigurationIsVisible = 0;
			defaultConfigurationName = Release;
		};
		058DD29A1E3FC92600B8B783 /* Build configuration list for PBXNativeTarget "Pokedex" */ = {
			isa = XCConfigurationList;
			buildConfigurations = (
				058DD29B1E3FC92600B8B783 /* Debug */,
				058DD29C1E3FC92600B8B783 /* Release */,
			);
			defaultConfigurationIsVisible = 0;
			defaultConfigurationName = Release;
		};
/* End XCConfigurationList section */
	};
	rootObject = 058DD2801E3FC92600B8B783 /* Project object */;
}
